
Microsoft Visual Studio Solution File, Format Version 12.00
# Visual Studio Version 17
VisualStudioVersion = 17.14.35906.104 d17.14
MinimumVisualStudioVersion = 10.0.40219.1
Project("{FAE04EC0-301F-11D3-BF4B-00C04F79EFBC}") = "FindWordsThatCanBeFormedbuCharacters", "FindWordsThatCanBeFormedbuCharacters\FindWordsThatCanBeFormedbuCharacters.csproj", "{79C00FDC-9375-4410-AFE2-3FE667FAC47C}"
EndProject
Global
	GlobalSection(SolutionConfigurationPlatforms) = preSolution
		Debug|Any CPU = Debug|Any CPU
		Release|Any CPU = Release|Any CPU
	EndGlobalSection
	GlobalSection(ProjectConfigurationPlatforms) = postSolution
		{79C00FDC-9375-4410-AFE2-3FE667FAC47C}.Debug|Any CPU.ActiveCfg = Debug|Any CPU
		{79C00FDC-9375-4410-AFE2-3FE667FAC47C}.Debug|Any CPU.Build.0 = Debug|Any CPU
		{79C00FDC-9375-4410-AFE2-3FE667FAC47C}.Release|Any CPU.ActiveCfg = Release|Any CPU
		{79C00FDC-9375-4410-AFE2-3FE667FAC47C}.Release|Any CPU.Build.0 = Release|Any CPU
	EndGlobalSection
	GlobalSection(SolutionProperties) = preSolution
		HideSolutionNode = FALSE
	EndGlobalSection
	GlobalSection(ExtensibilityGlobals) = postSolution
		SolutionGuid = {DE408A6B-2B04-4C79-B78E-41CEEF3EFCA4}
	EndGlobalSection
EndGlobal
