
Microsoft Visual Studio Solution File, Format Version 12.00
# Visual Studio Version 17
VisualStudioVersion = 17.14.35906.104 d17.14
MinimumVisualStudioVersion = 10.0.40219.1
Project("{FAE04EC0-301F-11D3-BF4B-00C04F79EFBC}") = "MergeSortedArray", "MergeSortedArray\MergeSortedArray.csproj", "{293DBA2E-58D5-4DB4-9899-BC039C46F348}"
EndProject
Global
	GlobalSection(SolutionConfigurationPlatforms) = preSolution
		Debug|Any CPU = Debug|Any CPU
		Release|Any CPU = Release|Any CPU
	EndGlobalSection
	GlobalSection(ProjectConfigurationPlatforms) = postSolution
		{293DBA2E-58D5-4DB4-9899-BC039C46F348}.Debug|Any CPU.ActiveCfg = Debug|Any CPU
		{293DBA2E-58D5-4DB4-9899-BC039C46F348}.Debug|Any CPU.Build.0 = Debug|Any CPU
		{293DBA2E-58D5-4DB4-9899-BC039C46F348}.Release|Any CPU.ActiveCfg = Release|Any CPU
		{293DBA2E-58D5-4DB4-9899-BC039C46F348}.Release|Any CPU.Build.0 = Release|Any CPU
	EndGlobalSection
	GlobalSection(SolutionProperties) = preSolution
		HideSolutionNode = FALSE
	EndGlobalSection
	GlobalSection(ExtensibilityGlobals) = postSolution
		SolutionGuid = {C6945549-5AD0-4E46-BCF8-4BE9FBCBFB59}
	EndGlobalSection
EndGlobal
