
Microsoft Visual Studio Solution File, Format Version 12.00
# Visual Studio Version 17
VisualStudioVersion = 17.14.35906.104 d17.14
MinimumVisualStudioVersion = 10.0.40219.1
Project("{FAE04EC0-301F-11D3-BF4B-00C04F79EFBC}") = "WordPattern", "WordPattern\WordPattern.csproj", "{D77091E2-F94F-4CE2-B38E-015E2734101E}"
EndProject
Global
	GlobalSection(SolutionConfigurationPlatforms) = preSolution
		Debug|Any CPU = Debug|Any CPU
		Release|Any CPU = Release|Any CPU
	EndGlobalSection
	GlobalSection(ProjectConfigurationPlatforms) = postSolution
		{D77091E2-F94F-4CE2-B38E-015E2734101E}.Debug|Any CPU.ActiveCfg = Debug|Any CPU
		{D77091E2-F94F-4CE2-B38E-015E2734101E}.Debug|Any CPU.Build.0 = Debug|Any CPU
		{D77091E2-F94F-4CE2-B38E-015E2734101E}.Release|Any CPU.ActiveCfg = Release|Any CPU
		{D77091E2-F94F-4CE2-B38E-015E2734101E}.Release|Any CPU.Build.0 = Release|Any CPU
	EndGlobalSection
	GlobalSection(SolutionProperties) = preSolution
		HideSolutionNode = FALSE
	EndGlobalSection
	GlobalSection(ExtensibilityGlobals) = postSolution
		SolutionGuid = {A8B3C6B5-A707-43C9-8514-06B3D9CE5730}
	EndGlobalSection
EndGlobal
