
Microsoft Visual Studio Solution File, Format Version 12.00
# Visual Studio Version 17
VisualStudioVersion = 17.14.35906.104 d17.14
MinimumVisualStudioVersion = 10.0.40219.1
Project("{FAE04EC0-301F-11D3-BF4B-00C04F79EFBC}") = "ClimbingStairs", "ClimbingStairs\ClimbingStairs.csproj", "{965B124D-4658-4356-928D-73F50EA5FF2C}"
EndProject
Global
	GlobalSection(SolutionConfigurationPlatforms) = preSolution
		Debug|Any CPU = Debug|Any CPU
		Release|Any CPU = Release|Any CPU
	EndGlobalSection
	GlobalSection(ProjectConfigurationPlatforms) = postSolution
		{965B124D-4658-4356-928D-73F50EA5FF2C}.Debug|Any CPU.ActiveCfg = Debug|Any CPU
		{965B124D-4658-4356-928D-73F50EA5FF2C}.Debug|Any CPU.Build.0 = Debug|Any CPU
		{965B124D-4658-4356-928D-73F50EA5FF2C}.Release|Any CPU.ActiveCfg = Release|Any CPU
		{965B124D-4658-4356-928D-73F50EA5FF2C}.Release|Any CPU.Build.0 = Release|Any CPU
	EndGlobalSection
	GlobalSection(SolutionProperties) = preSolution
		HideSolutionNode = FALSE
	EndGlobalSection
	GlobalSection(ExtensibilityGlobals) = postSolution
		SolutionGuid = {DCA2DA63-A5B8-434E-9E1A-77F50FF01AEF}
	EndGlobalSection
EndGlobal
