
Microsoft Visual Studio Solution File, Format Version 12.00
# Visual Studio Version 17
VisualStudioVersion = 17.14.35906.104 d17.14
MinimumVisualStudioVersion = 10.0.40219.1
Project("{FAE04EC0-301F-11D3-BF4B-00C04F79EFBC}") = "FindTheDifference", "FindTheDifference\FindTheDifference.csproj", "{E73FCA25-D6F4-4FE2-A8C3-EF37F6CAE521}"
EndProject
Global
	GlobalSection(SolutionConfigurationPlatforms) = preSolution
		Debug|Any CPU = Debug|Any CPU
		Release|Any CPU = Release|Any CPU
	EndGlobalSection
	GlobalSection(ProjectConfigurationPlatforms) = postSolution
		{E73FCA25-D6F4-4FE2-A8C3-EF37F6CAE521}.Debug|Any CPU.ActiveCfg = Debug|Any CPU
		{E73FCA25-D6F4-4FE2-A8C3-EF37F6CAE521}.Debug|Any CPU.Build.0 = Debug|Any CPU
		{E73FCA25-D6F4-4FE2-A8C3-EF37F6CAE521}.Release|Any CPU.ActiveCfg = Release|Any CPU
		{E73FCA25-D6F4-4FE2-A8C3-EF37F6CAE521}.Release|Any CPU.Build.0 = Release|Any CPU
	EndGlobalSection
	GlobalSection(SolutionProperties) = preSolution
		HideSolutionNode = FALSE
	EndGlobalSection
	GlobalSection(ExtensibilityGlobals) = postSolution
		SolutionGuid = {BDA69695-34FF-4CD7-B007-7D2D91799336}
	EndGlobalSection
EndGlobal
