
Microsoft Visual Studio Solution File, Format Version 12.00
# Visual Studio Version 17
VisualStudioVersion = 17.14.35906.104 d17.14
MinimumVisualStudioVersion = 10.0.40219.1
Project("{FAE04EC0-301F-11D3-BF4B-00C04F79EFBC}") = "LengthOfTheLastWord", "LengthOfTheLastWord\LengthOfTheLastWord.csproj", "{98293F76-5399-4216-9030-41F7E1EBA6CE}"
EndProject
Global
	GlobalSection(SolutionConfigurationPlatforms) = preSolution
		Debug|Any CPU = Debug|Any CPU
		Release|Any CPU = Release|Any CPU
	EndGlobalSection
	GlobalSection(ProjectConfigurationPlatforms) = postSolution
		{98293F76-5399-4216-9030-41F7E1EBA6CE}.Debug|Any CPU.ActiveCfg = Debug|Any CPU
		{98293F76-5399-4216-9030-41F7E1EBA6CE}.Debug|Any CPU.Build.0 = Debug|Any CPU
		{98293F76-5399-4216-9030-41F7E1EBA6CE}.Release|Any CPU.ActiveCfg = Release|Any CPU
		{98293F76-5399-4216-9030-41F7E1EBA6CE}.Release|Any CPU.Build.0 = Release|Any CPU
	EndGlobalSection
	GlobalSection(SolutionProperties) = preSolution
		HideSolutionNode = FALSE
	EndGlobalSection
	GlobalSection(ExtensibilityGlobals) = postSolution
		SolutionGuid = {9E80FB8F-ACC5-42D0-96ED-BBE424E4CAC3}
	EndGlobalSection
EndGlobal
